<?xml version="1.0" encoding="utf-8"?>
<Project ToolsVersion="4.0" xmlns="http://schemas.microsoft.com/developer/msbuild/2003">
  <ItemGroup>
    <Filter Include="소스 파일">
      <UniqueIdentifier>{4FC737F1-C7A5-4376-A066-2A32D752A2FF}</UniqueIdentifier>
      <Extensions>cpp;c;cc;cxx;c++;cppm;ixx;def;odl;idl;hpj;bat;asm;asmx</Extensions>
    </Filter>
    <Filter Include="헤더 파일">
      <UniqueIdentifier>{93995380-89BD-4b04-88EB-625FBE52EBFB}</UniqueIdentifier>
      <Extensions>h;hh;hpp;hxx;h++;hm;inl;inc;ipp;xsd</Extensions>
    </Filter>
    <Filter Include="리소스 파일">
      <UniqueIdentifier>{67DA6AB6-F800-4c08-8B7A-83BB121AAD01}</UniqueIdentifier>
      <Extensions>rc;ico;cur;bmp;dlg;rc2;rct;bin;rgs;gif;jpg;jpeg;jpe;resx;tiff;tif;png;wav;mfcribbon-ms</Extensions>
    </Filter>
    <Filter Include="MainGame">
      <UniqueIdentifier>{77994adb-bb80-42e8-886b-851bb890958e}</UniqueIdentifier>
    </Filter>
    <Filter Include="2D Framework">
      <UniqueIdentifier>{fae288c9-1a89-4141-bbae-e4f3680953fb}</UniqueIdentifier>
    </Filter>
    <Filter Include="2D Framework\Manager">
      <UniqueIdentifier>{b13c0c7c-4aa6-4918-a643-613eaee0edc6}</UniqueIdentifier>
    </Filter>
    <Filter Include="2D Framework\Timer">
      <UniqueIdentifier>{1e84e8d0-34db-4438-9c9b-8c3603ab2fec}</UniqueIdentifier>
    </Filter>
    <Filter Include="MainGame\Scene">
      <UniqueIdentifier>{43d02367-700b-49b5-a030-feb7b581ed9c}</UniqueIdentifier>
    </Filter>
    <Filter Include="2D Framework\UI">
      <UniqueIdentifier>{f77d4c3b-d1c0-4152-8943-cde8ada65ad9}</UniqueIdentifier>
    </Filter>
    <Filter Include="2D Framework\UI\Button">
      <UniqueIdentifier>{91eb96ad-df64-4b6d-bc8b-8a504d0d37bb}</UniqueIdentifier>
    </Filter>
    <Filter Include="MainGame\Camera">
      <UniqueIdentifier>{43020df0-71b5-4d1c-9887-3b8e15a5c6a9}</UniqueIdentifier>
    </Filter>
    <Filter Include="MainGame\Obj">
      <UniqueIdentifier>{828be0a8-641d-44ca-94fe-ec09d845437d}</UniqueIdentifier>
    </Filter>
    <Filter Include="MainGame\Obj\MoveObj">
      <UniqueIdentifier>{942a330d-ea24-42ed-934d-dc92ecac2ed8}</UniqueIdentifier>
    </Filter>
    <Filter Include="MainGame\Animator">
      <UniqueIdentifier>{3dc613c3-3c7f-4177-81df-d6a906f18fa0}</UniqueIdentifier>
    </Filter>
    <Filter Include="MainGame\Obj\MoveObj\Enemy">
      <UniqueIdentifier>{6e5df244-c6a3-43cb-b9d0-02b9ddf1a72c}</UniqueIdentifier>
    </Filter>
    <Filter Include="MainGame\Obj\MoveObj\Player">
      <UniqueIdentifier>{4ed0d4f8-c1d4-4966-a237-97281f193183}</UniqueIdentifier>
    </Filter>
    <Filter Include="MainGame\Obj\MoveObj\Enemy\EnemyProtoType">
      <UniqueIdentifier>{c3718504-971a-4a18-935f-e5aed9f0c1c2}</UniqueIdentifier>
    </Filter>
    <Filter Include="MainGame\Obj\MoveObj\Missile">
      <UniqueIdentifier>{5a86d586-c7fc-46be-93af-bd645e44e8f4}</UniqueIdentifier>
    </Filter>
    <Filter Include="MainGame\Obj\MoveObj\Item">
      <UniqueIdentifier>{6ab1adb9-6e90-4da1-9d6d-901cd3ed5607}</UniqueIdentifier>
    </Filter>
    <Filter Include="MainGame\Obj\MoveObj\Effect">
      <UniqueIdentifier>{7b7d7aaa-87c0-4dbd-ae6e-3636f5da7440}</UniqueIdentifier>
    </Filter>
  </ItemGroup>
  <ItemGroup>
    <ClCompile Include="main.cpp">
      <Filter>소스 파일</Filter>
    </ClCompile>
    <ClCompile Include="MainGame.cpp">
      <Filter>MainGame</Filter>
    </ClCompile>
    <ClCompile Include="GameNode.cpp">
      <Filter>2D Framework</Filter>
    </ClCompile>
    <ClCompile Include="Image.cpp">
      <Filter>2D Framework</Filter>
    </ClCompile>
    <ClCompile Include="EnemyManager.cpp">
      <Filter>MainGame\Obj\MoveObj\Enemy</Filter>
    </ClCompile>
    <ClCompile Include="Missile.cpp">
      <Filter>MainGame\Obj\MoveObj\Missile</Filter>
    </ClCompile>
    <ClCompile Include="MissileManager.cpp">
      <Filter>MainGame\Obj\MoveObj\Missile</Filter>
    </ClCompile>
    <ClCompile Include="KeyManager.cpp">
      <Filter>2D Framework\Manager</Filter>
    </ClCompile>
    <ClCompile Include="ImageManager.cpp">
      <Filter>2D Framework\Manager</Filter>
    </ClCompile>
    <ClCompile Include="Timer.cpp">
      <Filter>2D Framework\Timer</Filter>
    </ClCompile>
    <ClCompile Include="TimerManager.cpp">
      <Filter>2D Framework\Manager</Filter>
    </ClCompile>
    <ClCompile Include="SceneManager.cpp">
      <Filter>2D Framework\Manager</Filter>
    </ClCompile>
    <ClCompile Include="BattleScene.cpp">
      <Filter>MainGame\Scene</Filter>
    </ClCompile>
    <ClCompile Include="TilemapTool.cpp">
      <Filter>MainGame\Scene</Filter>
    </ClCompile>
    <ClCompile Include="Button.cpp">
      <Filter>2D Framework\UI\Button</Filter>
    </ClCompile>
    <ClCompile Include="CollisionManager.cpp">
      <Filter>소스 파일</Filter>
    </ClCompile>
    <ClCompile Include="Camera.cpp">
      <Filter>MainGame\Camera</Filter>
    </ClCompile>
    <ClCompile Include="Player.cpp">
      <Filter>MainGame\Obj\MoveObj\Player</Filter>
    </ClCompile>
    <ClCompile Include="Animator.cpp">
      <Filter>MainGame\Animator</Filter>
    </ClCompile>
    <ClCompile Include="Enemy_pomp.cpp">
      <Filter>MainGame\Obj\MoveObj\Enemy\EnemyProtoType</Filter>
    </ClCompile>
    <ClCompile Include="Enemy_Grunt.cpp">
      <Filter>MainGame\Obj\MoveObj\Enemy\EnemyProtoType</Filter>
    </ClCompile>
    <ClCompile Include="Enemy_Bold.cpp">
      <Filter>MainGame\Obj\MoveObj\Enemy\EnemyProtoType</Filter>
    </ClCompile>
    <ClCompile Include="Enemy_Cop.cpp">
      <Filter>MainGame\Obj\MoveObj\Enemy\EnemyProtoType</Filter>
    </ClCompile>
    <ClCompile Include="ItemManager.cpp">
      <Filter>MainGame\Obj\MoveObj\Item</Filter>
    </ClCompile>
    <ClCompile Include="AstarManager.cpp">
      <Filter>MainGame</Filter>
    </ClCompile>
    <ClCompile Include="PlayerEffect.cpp">
      <Filter>MainGame\Obj\MoveObj\Effect</Filter>
    </ClCompile>
    <ClCompile Include="installObject.cpp">
      <Filter>MainGame\Obj\MoveObj</Filter>
    </ClCompile>
    <ClCompile Include="EnemyEffect.cpp">
      <Filter>MainGame\Obj\MoveObj\Effect</Filter>
    </ClCompile>
    <ClCompile Include="BossScene.cpp">
      <Filter>MainGame\Scene</Filter>
    </ClCompile>
    <ClCompile Include="Boss.cpp">
      <Filter>MainGame\Obj\MoveObj\Enemy\EnemyProtoType</Filter>
    </ClCompile>
    <ClCompile Include="TitleScene.cpp">
      <Filter>MainGame\Scene</Filter>
    </ClCompile>
    <ClCompile Include="UI.cpp">
      <Filter>MainGame\Obj</Filter>
    </ClCompile>
    <ClCompile Include="LoadingScene.cpp">
      <Filter>MainGame\Scene</Filter>
    </ClCompile>
    <ClCompile Include="BattleScene2.cpp">
      <Filter>MainGame\Scene</Filter>
    </ClCompile>
  </ItemGroup>
  <ItemGroup>
    <ClInclude Include="CommonFunction.h">
      <Filter>헤더 파일</Filter>
    </ClInclude>
    <ClInclude Include="config.h">
      <Filter>헤더 파일</Filter>
    </ClInclude>
    <ClInclude Include="MainGame.h">
      <Filter>MainGame</Filter>
    </ClInclude>
    <ClInclude Include="GameNode.h">
      <Filter>2D Framework</Filter>
    </ClInclude>
    <ClInclude Include="Singleton.h">
      <Filter>2D Framework</Filter>
    </ClInclude>
    <ClInclude Include="Image.h">
      <Filter>2D Framework</Filter>
    </ClInclude>
    <ClInclude Include="EnemyManager.h">
      <Filter>MainGame\Obj\MoveObj\Enemy</Filter>
    </ClInclude>
    <ClInclude Include="Missile.h">
      <Filter>MainGame\Obj\MoveObj\Missile</Filter>
    </ClInclude>
    <ClInclude Include="MissileManager.h">
      <Filter>MainGame\Obj\MoveObj\Missile</Filter>
    </ClInclude>
    <ClInclude Include="KeyManager.h">
      <Filter>2D Framework\Manager</Filter>
    </ClInclude>
    <ClInclude Include="ImageManager.h">
      <Filter>2D Framework\Manager</Filter>
    </ClInclude>
    <ClInclude Include="Timer.h">
      <Filter>2D Framework\Timer</Filter>
    </ClInclude>
    <ClInclude Include="TimerManager.h">
      <Filter>2D Framework\Manager</Filter>
    </ClInclude>
    <ClInclude Include="SceneManager.h">
      <Filter>2D Framework\Manager</Filter>
    </ClInclude>
    <ClInclude Include="BattleScene.h">
      <Filter>MainGame\Scene</Filter>
    </ClInclude>
    <ClInclude Include="TilemapTool.h">
      <Filter>MainGame\Scene</Filter>
    </ClInclude>
    <ClInclude Include="Button.h">
      <Filter>2D Framework\UI\Button</Filter>
    </ClInclude>
    <ClInclude Include="CollisionManager.h">
      <Filter>헤더 파일</Filter>
    </ClInclude>
    <ClInclude Include="Camera.h">
      <Filter>MainGame\Camera</Filter>
    </ClInclude>
    <ClInclude Include="Player.h">
      <Filter>MainGame\Obj\MoveObj\Player</Filter>
    </ClInclude>
    <ClInclude Include="Animator.h">
      <Filter>MainGame\Animator</Filter>
    </ClInclude>
    <ClInclude Include="Enemy.h">
      <Filter>MainGame\Obj\MoveObj\Enemy</Filter>
    </ClInclude>
    <ClInclude Include="Enemy_Grunt.h">
      <Filter>MainGame\Obj\MoveObj\Enemy\EnemyProtoType</Filter>
    </ClInclude>
    <ClInclude Include="Enemy_Bold.h">
      <Filter>MainGame\Obj\MoveObj\Enemy\EnemyProtoType</Filter>
    </ClInclude>
    <ClInclude Include="Enemy_Cop.h">
      <Filter>MainGame\Obj\MoveObj\Enemy\EnemyProtoType</Filter>
    </ClInclude>
    <ClInclude Include="Enemy_pomp.h">
      <Filter>MainGame\Obj\MoveObj\Enemy\EnemyProtoType</Filter>
    </ClInclude>
    <ClInclude Include="ItemManager.h">
      <Filter>MainGame\Obj\MoveObj\Item</Filter>
    </ClInclude>
    <ClInclude Include="AstarManager.h">
      <Filter>MainGame</Filter>
    </ClInclude>
    <ClInclude Include="PlayerEffect.h">
      <Filter>MainGame\Obj\MoveObj\Effect</Filter>
    </ClInclude>
    <ClInclude Include="installObject.h">
      <Filter>MainGame\Obj\MoveObj</Filter>
    </ClInclude>
    <ClInclude Include="EnemyEffect.h">
      <Filter>MainGame\Obj\MoveObj\Effect</Filter>
    </ClInclude>
    <ClInclude Include="BossScene.h">
      <Filter>MainGame\Scene</Filter>
    </ClInclude>
    <ClInclude Include="Boss.h">
      <Filter>MainGame\Obj\MoveObj\Enemy\EnemyProtoType</Filter>
    </ClInclude>
    <ClInclude Include="TitleScene.h">
      <Filter>MainGame\Scene</Filter>
    </ClInclude>
    <ClInclude Include="UI.h">
      <Filter>MainGame\Obj</Filter>
    </ClInclude>
    <ClInclude Include="LoadingScene.h">
      <Filter>MainGame\Scene</Filter>
    </ClInclude>
    <ClInclude Include="BattleScene2.h">
      <Filter>MainGame\Scene</Filter>
    </ClInclude>
  </ItemGroup>
  <ItemGroup>
    <Image Include="Image\Katana\effect\cursor.bmp">
      <Filter>리소스 파일</Filter>
    </Image>
  </ItemGroup>
</Project>